# THIS IS AN AUTOGENERATED FILE. DO NOT EDIT THIS FILE DIRECTLY.
# yarn lockfile v1


"@babel/parser@^7.16.4":
  "integrity" "sha512-9JKn5vN+hDt0Hdqn1PiJ2guflwP+B6Ga8qbDuoF0PzzVhrzsKIJo8yGqVk6CmMHiMei9w1C1Bp9IMJSIK+HPIQ=="
  "resolved" "https://registry.npmjs.org/@babel/parser/-/parser-7.18.11.tgz"
  "version" "7.18.11"

"@cloudflare/kv-asset-handler@^0.2.0":
  "integrity" "sha512-MVbXLbTcAotOPUj0pAMhVtJ+3/kFkwJqc5qNOleOZTv6QkZZABDMS21dSrSlVswEHwrpWC03e4fWytjqKvuE2A=="
  "resolved" "https://registry.npmjs.org/@cloudflare/kv-asset-handler/-/kv-asset-handler-0.2.0.tgz"
  "version" "0.2.0"
  dependencies:
    "mime" "^3.0.0"

"@cloudflare/workers-types@^3.14.1":
  "integrity" "sha512-B1/plF62pt+H2IJHvApK8fdOJAVsvojvacuac8x8s+JIyqbropMyqNqHTKLm3YD8ZFLGwYeFTudU+PQ7vGvBdA=="
  "resolved" "https://registry.npmjs.org/@cloudflare/workers-types/-/workers-types-3.14.1.tgz"
  "version" "3.14.1"

"@esbuild-plugins/node-globals-polyfill@^0.1.1":
  "integrity" "sha512-MR0oAA+mlnJWrt1RQVQ+4VYuRJW/P2YmRTv1AsplObyvuBMnPHiizUF95HHYiSsMGLhyGtWufaq2XQg6+iurBg=="
  "resolved" "https://registry.npmjs.org/@esbuild-plugins/node-globals-polyfill/-/node-globals-polyfill-0.1.1.tgz"
  "version" "0.1.1"

"@esbuild-plugins/node-modules-polyfill@^0.1.4":
  "integrity" "sha512-uZbcXi0zbmKC/050p3gJnne5Qdzw8vkXIv+c2BW0Lsc1ji1SkrxbKPUy5Efr0blbTu1SL8w4eyfpnSdPg3G0Qg=="
  "resolved" "https://registry.npmjs.org/@esbuild-plugins/node-modules-polyfill/-/node-modules-polyfill-0.1.4.tgz"
  "version" "0.1.4"
  dependencies:
    "escape-string-regexp" "^4.0.0"
    "rollup-plugin-node-polyfills" "^0.2.1"

"@iarna/toml@^2.2.5":
  "integrity" "sha512-trnsAYxU3xnS1gPHPyU961coFyLkh4gAD/0zQ5mymY4yOZ+CYvsPqUbOFSw0aDM4y0tV7tiFxL/1XfXPNC6IPg=="
  "resolved" "https://registry.npmjs.org/@iarna/toml/-/toml-2.2.5.tgz"
  "version" "2.2.5"

"@miniflare/cache@2.7.0":
  "integrity" "sha512-npxhXcA4cKt+zFXlKdMM1TDEOaVmu75AyV/RqtKykOWS/WOzLkjYHx5pCZ7P4QyOgaTpJAoz+avAx0VNNBxI8A=="
  "resolved" "https://registry.npmjs.org/@miniflare/cache/-/cache-2.7.0.tgz"
  "version" "2.7.0"
  dependencies:
    "@miniflare/core" "2.7.0"
    "@miniflare/shared" "2.7.0"
    "http-cache-semantics" "^4.1.0"
    "undici" "5.9.1"

"@miniflare/cli-parser@2.7.0":
  "integrity" "sha512-pZZAQPvs7Nb8ob8600n1kEZpiZqEdGcAMZqKdpC4OtJuBFEqmtJvmJj9LKLnv0VsmG+LxwInueqiOt8+UqjTag=="
  "resolved" "https://registry.npmjs.org/@miniflare/cli-parser/-/cli-parser-2.7.0.tgz"
  "version" "2.7.0"
  dependencies:
    "@miniflare/shared" "2.7.0"
    "kleur" "^4.1.4"

"@miniflare/core@2.7.0":
  "integrity" "sha512-NmxXi/2zJIXmJSYjR6BTc7tmpjcx5dIO+LPg9Hmw5aLrLD29a745gHcNSPWPrd8ZG76x3PJPMJncYnQMcZwsBA=="
  "resolved" "https://registry.npmjs.org/@miniflare/core/-/core-2.7.0.tgz"
  "version" "2.7.0"
  dependencies:
    "@iarna/toml" "^2.2.5"
    "@miniflare/shared" "2.7.0"
    "@miniflare/watcher" "2.7.0"
    "busboy" "^1.6.0"
    "dotenv" "^10.0.0"
    "kleur" "^4.1.4"
    "set-cookie-parser" "^2.4.8"
    "undici" "5.9.1"
    "urlpattern-polyfill" "^4.0.3"

"@miniflare/durable-objects@2.7.0":
  "integrity" "sha512-6rZuxrdalLpOaE0+YxVHZOwxoHSJNdO41ZmKEPbZB3vWRE2zDonz7UMwyTgQJVC1PDw6bvTzzsTo84pa7kgpFg=="
  "resolved" "https://registry.npmjs.org/@miniflare/durable-objects/-/durable-objects-2.7.0.tgz"
  "version" "2.7.0"
  dependencies:
    "@miniflare/core" "2.7.0"
    "@miniflare/shared" "2.7.0"
    "@miniflare/storage-memory" "2.7.0"
    "undici" "5.9.1"

"@miniflare/html-rewriter@2.7.0":
  "integrity" "sha512-+lgpDydSOJqIdhscwWlnU5CtmWahuhITGs6K7Mv2XRju/EYAXR9NMRLFU/X0OekQm9GhjCW20DITyZukXd2Mnw=="
  "resolved" "https://registry.npmjs.org/@miniflare/html-rewriter/-/html-rewriter-2.7.0.tgz"
  "version" "2.7.0"
  dependencies:
    "@miniflare/core" "2.7.0"
    "@miniflare/shared" "2.7.0"
    "html-rewriter-wasm" "^0.4.1"
    "undici" "5.9.1"

"@miniflare/http-server@2.7.0":
  "integrity" "sha512-M1fJgc8GGQJLPyviGKYEOOK5+yOYqntqpWqR/h5zW/Z8CihZFEUQ4YSlcxsFfCeDH+2BbF45oGTMqyCv9FOTYw=="
  "resolved" "https://registry.npmjs.org/@miniflare/http-server/-/http-server-2.7.0.tgz"
  "version" "2.7.0"
  dependencies:
    "@miniflare/core" "2.7.0"
    "@miniflare/shared" "2.7.0"
    "@miniflare/web-sockets" "2.7.0"
    "kleur" "^4.1.4"
    "selfsigned" "^2.0.0"
    "undici" "5.9.1"
    "ws" "^8.2.2"
    "youch" "^2.2.2"

"@miniflare/kv@2.7.0":
  "integrity" "sha512-EorfVnCWTvZf/Oc0/cVrwVFCpQg4Nyiaj3/DsEi1KZ+2D7Oxp30q4hxXYLBngOrTRh/2E/vPI5S5x6yPKftFtA=="
  "resolved" "https://registry.npmjs.org/@miniflare/kv/-/kv-2.7.0.tgz"
  "version" "2.7.0"
  dependencies:
    "@miniflare/shared" "2.7.0"

"@miniflare/r2@2.7.0":
  "integrity" "sha512-Q9lY4uKOHGss3UVq9v/fbvIdOsJpJG8FbqYs8ICNjnxtgwuFpVXLa2Z1x58DZiSdwFDpoB8MRBlCxzP7O9iiNg=="
  "resolved" "https://registry.npmjs.org/@miniflare/r2/-/r2-2.7.0.tgz"
  "version" "2.7.0"
  dependencies:
    "@miniflare/shared" "2.7.0"
    "undici" "5.9.1"

"@miniflare/runner-vm@2.7.0":
  "integrity" "sha512-U5urPJkTIyUf44VArJmO0rPmIQjW2Zw39S+3CkWEkERdgqi3ShIzWnX1AM94BYKh9WvweTKW9BWQi2ZQJisXOQ=="
  "resolved" "https://registry.npmjs.org/@miniflare/runner-vm/-/runner-vm-2.7.0.tgz"
  "version" "2.7.0"
  dependencies:
    "@miniflare/shared" "2.7.0"

"@miniflare/scheduler@2.7.0":
  "integrity" "sha512-TvfRV1hOjuDkbPz62Q1K+yWAg50NQ3vspgZRHXBUVwcPTLP0HcWdHli855qNvtf7yCsD4Rzc2QZ2vOJTKZpypg=="
  "resolved" "https://registry.npmjs.org/@miniflare/scheduler/-/scheduler-2.7.0.tgz"
  "version" "2.7.0"
  dependencies:
    "@miniflare/core" "2.7.0"
    "@miniflare/shared" "2.7.0"
    "cron-schedule" "^3.0.4"

"@miniflare/shared@2.7.0":
  "integrity" "sha512-d2kQ0WcQAANqCwbCsuzGU3C3H1p5J4QhcRF9yX7CLVduHaBnu6lHo7+MBjU7AP1R/oXtlhAdpgo0+iYMKaCo8g=="
  "resolved" "https://registry.npmjs.org/@miniflare/shared/-/shared-2.7.0.tgz"
  "version" "2.7.0"
  dependencies:
    "kleur" "^4.1.4"
    "picomatch" "^2.3.1"

"@miniflare/sites@2.7.0":
  "integrity" "sha512-mp4n6aDgLK2B01borEyZ543KDbq9a5/liuJE2Fz0uWZfGBOaEP1CQzxFheIU9xQIu74TNgOODH7NSKV9wIfIvg=="
  "resolved" "https://registry.npmjs.org/@miniflare/sites/-/sites-2.7.0.tgz"
  "version" "2.7.0"
  dependencies:
    "@miniflare/kv" "2.7.0"
    "@miniflare/shared" "2.7.0"
    "@miniflare/storage-file" "2.7.0"

"@miniflare/storage-file@2.7.0":
  "integrity" "sha512-mwSHZys9h6bi227tAff3TTb0bONXQWkU+rBsAf4J8SOqfOjqGbU+71Q8hNwr2pQqrY+16NnG/iVqY4sNHjSg/w=="
  "resolved" "https://registry.npmjs.org/@miniflare/storage-file/-/storage-file-2.7.0.tgz"
  "version" "2.7.0"
  dependencies:
    "@miniflare/shared" "2.7.0"
    "@miniflare/storage-memory" "2.7.0"

"@miniflare/storage-memory@2.7.0":
  "integrity" "sha512-YBPMTJmw8LPFE7n3fuM7Tp7PEj9X2he2vvjninpkuxj0CFnNkgyayuU2hnQJl4epa8IDurcba4ytC5dL3+MZzw=="
  "resolved" "https://registry.npmjs.org/@miniflare/storage-memory/-/storage-memory-2.7.0.tgz"
  "version" "2.7.0"
  dependencies:
    "@miniflare/shared" "2.7.0"

"@miniflare/watcher@2.7.0":
  "integrity" "sha512-jerNvZDtT+DHedEJXh9dLjlkqvrb/jU+e0GOt8acax6EzIlFPPQRRr19/k3gk4daQmibZJFyIAu48O/MaThjUQ=="
  "resolved" "https://registry.npmjs.org/@miniflare/watcher/-/watcher-2.7.0.tgz"
  "version" "2.7.0"
  dependencies:
    "@miniflare/shared" "2.7.0"

"@miniflare/web-sockets@2.7.0":
  "integrity" "sha512-uD4PAQCXm5jpClb2zu2MA8LwG20Jm8aqELu2kfV324vFNoc5fW/fxVzPu4UMpjZEEAgJqNN0hkUHz4V8wnEf1w=="
  "resolved" "https://registry.npmjs.org/@miniflare/web-sockets/-/web-sockets-2.7.0.tgz"
  "version" "2.7.0"
  dependencies:
    "@miniflare/core" "2.7.0"
    "@miniflare/shared" "2.7.0"
    "undici" "5.9.1"
    "ws" "^8.2.2"

"@quasar/extras@^1.15.1":
  "integrity" "sha512-c8nL5ccja+2xlQrcyraxdzcnn297rDzjH0LcyeqShcsRA5+6Yr6wQD9BEzpFgNTZvpP51sZlQHfV07nUd9OxDA=="
  "resolved" "https://registry.npmjs.org/@quasar/extras/-/extras-1.15.1.tgz"
  "version" "1.15.1"

"@quasar/vite-plugin@^1.1.1":
  "integrity" "sha512-qTFXSprubTEdKxoWqmkQi8rwSRf6l5IvGD2svUFZzt3jz9brr2nBsRsUbhN4byryUwGdJ4HoN3vpoFi13A5uTQ=="
  "resolved" "https://registry.npmjs.org/@quasar/vite-plugin/-/vite-plugin-1.1.1.tgz"
  "version" "1.1.1"

"@types/node@^18.7.1":
  "integrity" "sha512-GKX1Qnqxo4S+Z/+Z8KKPLpH282LD7jLHWJcVryOflnsnH+BtSDfieR6ObwBMwpnNws0bUK8GI7z0unQf9bARNQ=="
  "resolved" "https://registry.npmjs.org/@types/node/-/node-18.7.1.tgz"
  "version" "18.7.1"

"@types/stack-trace@0.0.29":
  "integrity" "sha512-TgfOX+mGY/NyNxJLIbDWrO9DjGoVSW9+aB8H2yy1fy32jsvxijhmyJI9fDFgvz3YP4lvJaq9DzdR/M1bOgVc9g=="
  "resolved" "https://registry.npmjs.org/@types/stack-trace/-/stack-trace-0.0.29.tgz"
  "version" "0.0.29"

"@types/web-bluetooth@^0.0.15":
  "integrity" "sha512-w7hEHXnPMEZ+4nGKl/KDRVpxkwYxYExuHOYXyzIzCDzEZ9ZCGMAewulr9IqJu2LR4N37fcnb1XVeuZ09qgOxhA=="
  "resolved" "https://registry.npmjs.org/@types/web-bluetooth/-/web-bluetooth-0.0.15.tgz"
  "version" "0.0.15"

"@vitejs/plugin-vue@^3.0.0":
  "integrity" "sha512-Ll9JgxG7ONIz/XZv3dssfoMUDu9qAnlJ+km+pBA0teYSXzwPCIzS/e1bmwNYl5dcQGs677D21amgfYAnzMl17A=="
  "resolved" "https://registry.npmjs.org/@vitejs/plugin-vue/-/plugin-vue-3.0.1.tgz"
  "version" "3.0.1"

"@volar/code-gen@0.38.9":
  "integrity" "sha512-n6LClucfA+37rQeskvh9vDoZV1VvCVNy++MAPKj2dT4FT+Fbmty/SDQqnsEBtdEe6E3OQctFvA/IcKsx3Mns0A=="
  "resolved" "https://registry.npmjs.org/@volar/code-gen/-/code-gen-0.38.9.tgz"
  "version" "0.38.9"
  dependencies:
    "@volar/source-map" "0.38.9"

"@volar/source-map@0.38.9":
  "integrity" "sha512-ba0UFoHDYry+vwKdgkWJ6xlQT+8TFtZg1zj9tSjj4PykW1JZDuM0xplMotLun4h3YOoYfY9K1huY5gvxmrNLIw=="
  "resolved" "https://registry.npmjs.org/@volar/source-map/-/source-map-0.38.9.tgz"
  "version" "0.38.9"

"@volar/vue-code-gen@0.38.9":
  "integrity" "sha512-tzj7AoarFBKl7e41MR006ncrEmNPHALuk8aG4WdDIaG387X5//5KhWC5Ff3ZfB2InGSeNT+CVUd74M0gS20rjA=="
  "resolved" "https://registry.npmjs.org/@volar/vue-code-gen/-/vue-code-gen-0.38.9.tgz"
  "version" "0.38.9"
  dependencies:
    "@volar/code-gen" "0.38.9"
    "@volar/source-map" "0.38.9"
    "@vue/compiler-core" "^3.2.37"
    "@vue/compiler-dom" "^3.2.37"
    "@vue/shared" "^3.2.37"

"@volar/vue-typescript@0.38.9":
  "integrity" "sha512-iJMQGU91ADi98u8V1vXd2UBmELDAaeSP0ZJaFjwosClQdKlJQYc6MlxxKfXBZisHqfbhdtrGRyaryulnYtliZw=="
  "resolved" "https://registry.npmjs.org/@volar/vue-typescript/-/vue-typescript-0.38.9.tgz"
  "version" "0.38.9"
  dependencies:
    "@volar/code-gen" "0.38.9"
    "@volar/source-map" "0.38.9"
    "@volar/vue-code-gen" "0.38.9"
    "@vue/compiler-sfc" "^3.2.37"
    "@vue/reactivity" "^3.2.37"

"@vue/compiler-core@^3.2.37", "@vue/compiler-core@3.2.37":
  "integrity" "sha512-81KhEjo7YAOh0vQJoSmAD68wLfYqJvoiD4ulyedzF+OEk/bk6/hx3fTNVfuzugIIaTrOx4PGx6pAiBRe5e9Zmg=="
  "resolved" "https://registry.npmjs.org/@vue/compiler-core/-/compiler-core-3.2.37.tgz"
  "version" "3.2.37"
  dependencies:
    "@babel/parser" "^7.16.4"
    "@vue/shared" "3.2.37"
    "estree-walker" "^2.0.2"
    "source-map" "^0.6.1"

"@vue/compiler-dom@^3.2.37", "@vue/compiler-dom@3.2.37":
  "integrity" "sha512-yxJLH167fucHKxaqXpYk7x8z7mMEnXOw3G2q62FTkmsvNxu4FQSu5+3UMb+L7fjKa26DEzhrmCxAgFLLIzVfqQ=="
  "resolved" "https://registry.npmjs.org/@vue/compiler-dom/-/compiler-dom-3.2.37.tgz"
  "version" "3.2.37"
  dependencies:
    "@vue/compiler-core" "3.2.37"
    "@vue/shared" "3.2.37"

"@vue/compiler-sfc@^3.2.37", "@vue/compiler-sfc@3.2.37":
  "integrity" "sha512-+7i/2+9LYlpqDv+KTtWhOZH+pa8/HnX/905MdVmAcI/mPQOBwkHHIzrsEsucyOIZQYMkXUiTkmZq5am/NyXKkg=="
  "resolved" "https://registry.npmjs.org/@vue/compiler-sfc/-/compiler-sfc-3.2.37.tgz"
  "version" "3.2.37"
  dependencies:
    "@babel/parser" "^7.16.4"
    "@vue/compiler-core" "3.2.37"
    "@vue/compiler-dom" "3.2.37"
    "@vue/compiler-ssr" "3.2.37"
    "@vue/reactivity-transform" "3.2.37"
    "@vue/shared" "3.2.37"
    "estree-walker" "^2.0.2"
    "magic-string" "^0.25.7"
    "postcss" "^8.1.10"
    "source-map" "^0.6.1"

"@vue/compiler-ssr@3.2.37":
  "integrity" "sha512-7mQJD7HdXxQjktmsWp/J67lThEIcxLemz1Vb5I6rYJHR5vI+lON3nPGOH3ubmbvYGt8xEUaAr1j7/tIFWiEOqw=="
  "resolved" "https://registry.npmjs.org/@vue/compiler-ssr/-/compiler-ssr-3.2.37.tgz"
  "version" "3.2.37"
  dependencies:
    "@vue/compiler-dom" "3.2.37"
    "@vue/shared" "3.2.37"

"@vue/devtools-api@^6.1.4":
  "integrity" "sha512-OEgAMeQXvCoJ+1x8WyQuVZzFo0wcyCmUR3baRVLmKBo1LmYZWMlRiXlux5jd0fqVJu6PfDbOrZItVqUEzLobeQ=="
  "resolved" "https://registry.npmjs.org/@vue/devtools-api/-/devtools-api-6.2.1.tgz"
  "version" "6.2.1"

"@vue/reactivity-transform@3.2.37":
  "integrity" "sha512-IWopkKEb+8qpu/1eMKVeXrK0NLw9HicGviJzhJDEyfxTR9e1WtpnnbYkJWurX6WwoFP0sz10xQg8yL8lgskAZg=="
  "resolved" "https://registry.npmjs.org/@vue/reactivity-transform/-/reactivity-transform-3.2.37.tgz"
  "version" "3.2.37"
  dependencies:
    "@babel/parser" "^7.16.4"
    "@vue/compiler-core" "3.2.37"
    "@vue/shared" "3.2.37"
    "estree-walker" "^2.0.2"
    "magic-string" "^0.25.7"

"@vue/reactivity@^3.2.37", "@vue/reactivity@3.2.37":
  "integrity" "sha512-/7WRafBOshOc6m3F7plwzPeCu/RCVv9uMpOwa/5PiY1Zz+WLVRWiy0MYKwmg19KBdGtFWsmZ4cD+LOdVPcs52A=="
  "resolved" "https://registry.npmjs.org/@vue/reactivity/-/reactivity-3.2.37.tgz"
  "version" "3.2.37"
  dependencies:
    "@vue/shared" "3.2.37"

"@vue/runtime-core@3.2.37":
  "integrity" "sha512-JPcd9kFyEdXLl/i0ClS7lwgcs0QpUAWj+SKX2ZC3ANKi1U4DOtiEr6cRqFXsPwY5u1L9fAjkinIdB8Rz3FoYNQ=="
  "resolved" "https://registry.npmjs.org/@vue/runtime-core/-/runtime-core-3.2.37.tgz"
  "version" "3.2.37"
  dependencies:
    "@vue/reactivity" "3.2.37"
    "@vue/shared" "3.2.37"

"@vue/runtime-dom@3.2.37":
  "integrity" "sha512-HimKdh9BepShW6YozwRKAYjYQWg9mQn63RGEiSswMbW+ssIht1MILYlVGkAGGQbkhSh31PCdoUcfiu4apXJoPw=="
  "resolved" "https://registry.npmjs.org/@vue/runtime-dom/-/runtime-dom-3.2.37.tgz"
  "version" "3.2.37"
  dependencies:
    "@vue/runtime-core" "3.2.37"
    "@vue/shared" "3.2.37"
    "csstype" "^2.6.8"

"@vue/server-renderer@3.2.37":
  "integrity" "sha512-kLITEJvaYgZQ2h47hIzPh2K3jG8c1zCVbp/o/bzQOyvzaKiCquKS7AaioPI28GNxIsE/zSx+EwWYsNxDCX95MA=="
  "resolved" "https://registry.npmjs.org/@vue/server-renderer/-/server-renderer-3.2.37.tgz"
  "version" "3.2.37"
  dependencies:
    "@vue/compiler-ssr" "3.2.37"
    "@vue/shared" "3.2.37"

"@vue/shared@^3.2.37", "@vue/shared@3.2.37":
  "integrity" "sha512-4rSJemR2NQIo9Klm1vabqWjD8rs/ZaJSzMxkMNeJS6lHiUjjUeYFbooN19NgFjztubEKh3WlZUeOLVdbbUWHsw=="
  "resolved" "https://registry.npmjs.org/@vue/shared/-/shared-3.2.37.tgz"
  "version" "3.2.37"

"@vueuse/core@^9.1.0":
  "integrity" "sha512-BIroqvXEqt826aE9r3K5cox1zobuPuAzdYJ36kouC2TVhlXvFKIILgFVWrpp9HZPwB3aLzasmG3K87q7TSyXZg=="
  "resolved" "https://registry.npmjs.org/@vueuse/core/-/core-9.1.0.tgz"
  "version" "9.1.0"
  dependencies:
    "@types/web-bluetooth" "^0.0.15"
    "@vueuse/metadata" "9.1.0"
    "@vueuse/shared" "9.1.0"
    "vue-demi" "*"

"@vueuse/metadata@9.1.0":
  "integrity" "sha512-8OEhlog1iaAGTD3LICZ8oBGQdYeMwByvXetOtAOZCJOzyCRSwqwdggTsmVZZ1rkgYIEqgUBk942AsAPwM21s6A=="
  "resolved" "https://registry.npmjs.org/@vueuse/metadata/-/metadata-9.1.0.tgz"
  "version" "9.1.0"

"@vueuse/shared@9.1.0":
  "integrity" "sha512-pB/3njQu4tfJJ78ajELNda0yMG6lKfpToQW7Soe09CprF1k3QuyoNi1tBNvo75wBDJWD+LOnr+c4B5HZ39jY/Q=="
  "resolved" "https://registry.npmjs.org/@vueuse/shared/-/shared-9.1.0.tgz"
  "version" "9.1.0"
  dependencies:
    "vue-demi" "*"

"anymatch@~3.1.2":
  "integrity" "sha512-P43ePfOAIupkguHUycrc4qJ9kz8ZiuOUijaETwX7THt0Y/GNK7v0aa8rY816xWjZ7rJdA5XdMcpVFTKMq+RvWg=="
  "resolved" "https://registry.npmjs.org/anymatch/-/anymatch-3.1.2.tgz"
  "version" "3.1.2"
  dependencies:
    "normalize-path" "^3.0.0"
    "picomatch" "^2.0.4"

"binary-extensions@^2.0.0":
  "integrity" "sha512-jDctJ/IVQbZoJykoeHbhXpOlNBqGNcwXJKJog42E5HDPUwQTSdjCHdihjj0DlnheQ7blbT6dHOafNAiS8ooQKA=="
  "resolved" "https://registry.npmjs.org/binary-extensions/-/binary-extensions-2.2.0.tgz"
  "version" "2.2.0"

"blake3-wasm@^2.1.5":
  "integrity" "sha512-F1+K8EbfOZE49dtoPtmxUQrpXaBIl3ICvasLh+nJta0xkz+9kF/7uet9fLnwKqhDrmj6g+6K3Tw9yQPUg2ka5g=="
  "resolved" "https://registry.npmjs.org/blake3-wasm/-/blake3-wasm-2.1.5.tgz"
  "version" "2.1.5"

"braces@~3.0.2":
  "integrity" "sha512-b8um+L1RzM3WDSzvhm6gIz1yfTbBt6YTlcEKAvsmqCZZFw46z626lVj9j1yEPW33H5H+lBQpZMP1k8l+78Ha0A=="
  "resolved" "https://registry.npmjs.org/braces/-/braces-3.0.2.tgz"
  "version" "3.0.2"
  dependencies:
    "fill-range" "^7.0.1"

"buffer-from@^1.0.0":
  "integrity" "sha512-E+XQCRwSbaaiChtv6k6Dwgc+bx+Bs6vuKJHHl5kox/BaKbhiXzqQOwK4cO22yElGp2OCmjwVhT3HmxgyPGnJfQ=="
  "resolved" "https://registry.npmjs.org/buffer-from/-/buffer-from-1.1.2.tgz"
  "version" "1.1.2"

"busboy@^1.6.0":
  "integrity" "sha512-8SFQbg/0hQ9xy3UNTB0YEnsNBbWfhf7RtnzpL7TkBiTBRfrQ9Fxcnz7VJsleJpyp6rVLvXiuORqjlHi5q+PYuA=="
  "resolved" "https://registry.npmjs.org/busboy/-/busboy-1.6.0.tgz"
  "version" "1.6.0"
  dependencies:
    "streamsearch" "^1.1.0"

"chokidar@^3.5.3", "chokidar@>=2.0.0 <4.0.0":
  "integrity" "sha512-Dr3sfKRP6oTcjf2JmUmFJfeVMvXBdegxB0iVQ5eb2V10uFJUCAS8OByZdVAyVb8xXNz3GjjTgj9kLWsZTqE6kw=="
  "resolved" "https://registry.npmjs.org/chokidar/-/chokidar-3.5.3.tgz"
  "version" "3.5.3"
  dependencies:
    "anymatch" "~3.1.2"
    "braces" "~3.0.2"
    "glob-parent" "~5.1.2"
    "is-binary-path" "~2.1.0"
    "is-glob" "~4.0.1"
    "normalize-path" "~3.0.0"
    "readdirp" "~3.6.0"
  optionalDependencies:
    "fsevents" "~2.3.2"

"cookie@^0.4.1":
  "integrity" "sha512-aSWTXFzaKWkvHO1Ny/s+ePFpvKsPnjc551iI41v3ny/ow6tBG5Vd+FuqGNhh1LxOmVzOlGUriIlOaokOvhaStA=="
  "resolved" "https://registry.npmjs.org/cookie/-/cookie-0.4.2.tgz"
  "version" "0.4.2"

"cron-schedule@^3.0.4":
  "integrity" "sha512-izfGgKyzzIyLaeb1EtZ3KbglkS6AKp9cv7LxmiyoOu+fXfol1tQDC0Cof0enVZGNtudTHW+3lfuW9ZkLQss4Wg=="
  "resolved" "https://registry.npmjs.org/cron-schedule/-/cron-schedule-3.0.6.tgz"
  "version" "3.0.6"

"csstype@^2.6.8":
  "integrity" "sha512-/WwNkdXfckNgw6S5R125rrW8ez139lBHWouiBvX8dfMFtcn6V81REDqnH7+CRpRipfYlyU1CmOnOxrmGcFOjeA=="
  "resolved" "https://registry.npmjs.org/csstype/-/csstype-2.6.20.tgz"
  "version" "2.6.20"

"data-uri-to-buffer@^4.0.0":
  "integrity" "sha512-Vr3mLBA8qWmcuschSLAOogKgQ/Jwxulv3RNE4FXnYWRGujzrRWQI4m12fQqRkwX06C0KanhLr4hK+GydchZsaA=="
  "resolved" "https://registry.npmjs.org/data-uri-to-buffer/-/data-uri-to-buffer-4.0.0.tgz"
  "version" "4.0.0"

"dotenv@^10.0.0":
  "integrity" "sha512-rlBi9d8jpv9Sf1klPjNfFAuWDjKLwTIJJ/VxtoTwIR6hnZxcEOQCZg2oIL3MWBYw5GpUDKOEnND7LXTbIpQ03Q=="
  "resolved" "https://registry.npmjs.org/dotenv/-/dotenv-10.0.0.tgz"
  "version" "10.0.0"

"esbuild-linux-64@0.14.51":
  "integrity" "sha512-dxjhrqo5i7Rq6DXwz5v+MEHVs9VNFItJmHBe1CxROWNf4miOGoQhqSG8StStbDkQ1Mtobg6ng+4fwByOhoQoeA=="
  "resolved" "https://registry.npmjs.org/esbuild-linux-64/-/esbuild-linux-64-0.14.51.tgz"
  "version" "0.14.51"

"esbuild-linux-64@0.14.54":
  "integrity" "sha512-EgjAgH5HwTbtNsTqQOXWApBaPVdDn7XcK+/PtJwZLT1UmpLoznPd8c5CxqsH2dQK3j05YsB3L17T8vE7cp4cCg=="
  "resolved" "https://registry.npmjs.org/esbuild-linux-64/-/esbuild-linux-64-0.14.54.tgz"
  "version" "0.14.54"

"esbuild@*", "esbuild@^0.14.47":
  "integrity" "sha512-Cy9llcy8DvET5uznocPyqL3BFRrFXSVqbgpMJ9Wz8oVjZlh/zUSNbPRbov0VX7VxN2JH1Oa0uNxZ7eLRb62pJA=="
  "resolved" "https://registry.npmjs.org/esbuild/-/esbuild-0.14.54.tgz"
  "version" "0.14.54"
  optionalDependencies:
    "@esbuild/linux-loong64" "0.14.54"
    "esbuild-android-64" "0.14.54"
    "esbuild-android-arm64" "0.14.54"
    "esbuild-darwin-64" "0.14.54"
    "esbuild-darwin-arm64" "0.14.54"
    "esbuild-freebsd-64" "0.14.54"
    "esbuild-freebsd-arm64" "0.14.54"
    "esbuild-linux-32" "0.14.54"
    "esbuild-linux-64" "0.14.54"
    "esbuild-linux-arm" "0.14.54"
    "esbuild-linux-arm64" "0.14.54"
    "esbuild-linux-mips64le" "0.14.54"
    "esbuild-linux-ppc64le" "0.14.54"
    "esbuild-linux-riscv64" "0.14.54"
    "esbuild-linux-s390x" "0.14.54"
    "esbuild-netbsd-64" "0.14.54"
    "esbuild-openbsd-64" "0.14.54"
    "esbuild-sunos-64" "0.14.54"
    "esbuild-windows-32" "0.14.54"
    "esbuild-windows-64" "0.14.54"
    "esbuild-windows-arm64" "0.14.54"

"esbuild@0.14.51":
  "integrity" "sha512-+CvnDitD7Q5sT7F+FM65sWkF8wJRf+j9fPcprxYV4j+ohmzVj2W7caUqH2s5kCaCJAfcAICjSlKhDCcvDpU7nw=="
  "resolved" "https://registry.npmjs.org/esbuild/-/esbuild-0.14.51.tgz"
  "version" "0.14.51"
  optionalDependencies:
    "esbuild-android-64" "0.14.51"
    "esbuild-android-arm64" "0.14.51"
    "esbuild-darwin-64" "0.14.51"
    "esbuild-darwin-arm64" "0.14.51"
    "esbuild-freebsd-64" "0.14.51"
    "esbuild-freebsd-arm64" "0.14.51"
    "esbuild-linux-32" "0.14.51"
    "esbuild-linux-64" "0.14.51"
    "esbuild-linux-arm" "0.14.51"
    "esbuild-linux-arm64" "0.14.51"
    "esbuild-linux-mips64le" "0.14.51"
    "esbuild-linux-ppc64le" "0.14.51"
    "esbuild-linux-riscv64" "0.14.51"
    "esbuild-linux-s390x" "0.14.51"
    "esbuild-netbsd-64" "0.14.51"
    "esbuild-openbsd-64" "0.14.51"
    "esbuild-sunos-64" "0.14.51"
    "esbuild-windows-32" "0.14.51"
    "esbuild-windows-64" "0.14.51"
    "esbuild-windows-arm64" "0.14.51"

"escape-string-regexp@^4.0.0":
  "integrity" "sha512-TtpcNJ3XAzx3Gq8sWRzJaVajRs0uVxA2YAkdb1jm2YkPz4G6egUFAyA3n5vtEIZefPk5Wa4UXbKuS5fKkJWdgA=="
  "resolved" "https://registry.npmjs.org/escape-string-regexp/-/escape-string-regexp-4.0.0.tgz"
  "version" "4.0.0"

"estree-walker@^0.6.1":
  "integrity" "sha512-SqmZANLWS0mnatqbSfRP5g8OXZC12Fgg1IwNtLsyHDzJizORW4khDfjPqJZsemPWBB2uqykUah5YpQ6epsqC/w=="
  "resolved" "https://registry.npmjs.org/estree-walker/-/estree-walker-0.6.1.tgz"
  "version" "0.6.1"

"estree-walker@^2.0.2":
  "integrity" "sha512-Rfkk/Mp/DL7JVje3u18FxFujQlTNR2q6QfMSMB7AvCBx91NGj/ba3kCfza0f6dVDbw7YlRf/nDrn7pQrCCyQ/w=="
  "resolved" "https://registry.npmjs.org/estree-walker/-/estree-walker-2.0.2.tgz"
  "version" "2.0.2"

"fetch-blob@^3.1.2", "fetch-blob@^3.1.4":
  "integrity" "sha512-7yAQpD2UMJzLi1Dqv7qFYnPbaPx7ZfFK6PiIxQ4PfkGPyNyl2Ugx+a/umUonmKqjhM4DnfbMvdX6otXq83soQQ=="
  "resolved" "https://registry.npmjs.org/fetch-blob/-/fetch-blob-3.2.0.tgz"
  "version" "3.2.0"
  dependencies:
    "node-domexception" "^1.0.0"
    "web-streams-polyfill" "^3.0.3"

"fill-range@^7.0.1":
  "integrity" "sha512-qOo9F+dMUmC2Lcb4BbVvnKJxTPjCm+RRpe4gDuGrzkL7mEVl/djYSu2OdQ2Pa302N4oqkSg9ir6jaLWJ2USVpQ=="
  "resolved" "https://registry.npmjs.org/fill-range/-/fill-range-7.0.1.tgz"
  "version" "7.0.1"
  dependencies:
    "to-regex-range" "^5.0.1"

"formdata-polyfill@^4.0.10":
  "integrity" "sha512-buewHzMvYL29jdeQTVILecSaZKnt/RJWjoZCF5OW60Z67/GmSLBkOFM7qh1PI3zFNtJbaZL5eQu1vLfazOwj4g=="
  "resolved" "https://registry.npmjs.org/formdata-polyfill/-/formdata-polyfill-4.0.10.tgz"
  "version" "4.0.10"
  dependencies:
    "fetch-blob" "^3.1.2"

"function-bind@^1.1.1":
  "integrity" "sha512-yIovAzMX49sF8Yl58fSCWJ5svSLuaibPxXQJFLmBObTuCr0Mf1KiPopGM9NiFjiYBCbfaa2Fh6breQ6ANVTI0A=="
  "resolved" "https://registry.npmjs.org/function-bind/-/function-bind-1.1.1.tgz"
  "version" "1.1.1"

"github-markdown-css@^5.1.0":
  "integrity" "sha512-QLtORwHHtUHhPMHu7i4GKfP6Vx5CWZn+NKQXe+cBhslY1HEt0CTEkP4d/vSROKV0iIJSpl4UtlQ16AD8C6lMug=="
  "resolved" "https://registry.npmjs.org/github-markdown-css/-/github-markdown-css-5.1.0.tgz"
  "version" "5.1.0"

"glob-parent@~5.1.2":
  "integrity" "sha512-AOIgSQCepiJYwP3ARnGx+5VnTu2HBYdzbGP45eLw1vr3zB3vZLeyed1sC9hnbcOc9/SrMyM5RPQrkGz4aS9Zow=="
  "resolved" "https://registry.npmjs.org/glob-parent/-/glob-parent-5.1.2.tgz"
  "version" "5.1.2"
  dependencies:
    "is-glob" "^4.0.1"

"has@^1.0.3":
  "integrity" "sha512-f2dvO0VU6Oej7RkWJGrehjbzMAjFp5/VKPp5tTpWIV4JHHZK1/BxbFRtf/siA2SWTe09caDmVtYYzWEIbBS4zw=="
  "resolved" "https://registry.npmjs.org/has/-/has-1.0.3.tgz"
  "version" "1.0.3"
  dependencies:
    "function-bind" "^1.1.1"

"html-rewriter-wasm@^0.4.1":
  "integrity" "sha512-lNovG8CMCCmcVB1Q7xggMSf7tqPCijZXaH4gL6iE8BFghdQCbaY5Met9i1x2Ex8m/cZHDUtXK9H6/znKamRP8Q=="
  "resolved" "https://registry.npmjs.org/html-rewriter-wasm/-/html-rewriter-wasm-0.4.1.tgz"
  "version" "0.4.1"

"http-cache-semantics@^4.1.0":
  "integrity" "sha512-carPklcUh7ROWRK7Cv27RPtdhYhUsela/ue5/jKzjegVvXDqM2ILE9Q2BGn9JZJh1g87cp56su/FgQSzcWS8cQ=="
  "resolved" "https://registry.npmjs.org/http-cache-semantics/-/http-cache-semantics-4.1.0.tgz"
  "version" "4.1.0"

"is-binary-path@~2.1.0":
  "integrity" "sha512-ZMERYes6pDydyuGidse7OsHxtbI7WVeUEozgR/g7rd0xUimYNlvZRE/K2MgZTjWy725IfelLeVcEM97mmtRGXw=="
  "resolved" "https://registry.npmjs.org/is-binary-path/-/is-binary-path-2.1.0.tgz"
  "version" "2.1.0"
  dependencies:
    "binary-extensions" "^2.0.0"

"is-core-module@^2.9.0":
  "integrity" "sha512-Erxj2n/LDAZ7H8WNJXd9tw38GYM3dv8rk8Zcs+jJuxYTW7sozH+SS8NtrSjVL1/vpLvWi1hxy96IzjJ3EHTJJg=="
  "resolved" "https://registry.npmjs.org/is-core-module/-/is-core-module-2.10.0.tgz"
  "version" "2.10.0"
  dependencies:
    "has" "^1.0.3"

"is-extglob@^2.1.1":
  "integrity" "sha512-SbKbANkN603Vi4jEZv49LeVJMn4yGwsbzZworEoyEiutsN3nJYdbO36zfhGJ6QEDpOZIFkDtnq5JRxmvl3jsoQ=="
  "resolved" "https://registry.npmjs.org/is-extglob/-/is-extglob-2.1.1.tgz"
  "version" "2.1.1"

"is-glob@^4.0.1", "is-glob@~4.0.1":
  "integrity" "sha512-xelSayHH36ZgE7ZWhli7pW34hNbNl8Ojv5KVmkJD4hBdD3th8Tfk9vYasLM+mXWOZhFkgZfxhLSnrwRr4elSSg=="
  "resolved" "https://registry.npmjs.org/is-glob/-/is-glob-4.0.3.tgz"
  "version" "4.0.3"
  dependencies:
    "is-extglob" "^2.1.1"

"is-number@^7.0.0":
  "integrity" "sha512-41Cifkg6e8TylSpdtTpeLVMqvSBEVzTttHvERD741+pnZ8ANv0004MRL43QKPDlK9cGvNp6NZWZUBlbGXYxxng=="
  "resolved" "https://registry.npmjs.org/is-number/-/is-number-7.0.0.tgz"
  "version" "7.0.0"

"kleur@^4.1.4":
  "integrity" "sha512-o+NO+8WrRiQEE4/7nwRJhN1HWpVmJm511pBHUxPLtp0BUISzlBplORYSmTclCnJvQq2tKu/sgl3xVpkc7ZWuQQ=="
  "resolved" "https://registry.npmjs.org/kleur/-/kleur-4.1.5.tgz"
  "version" "4.1.5"

"magic-string@^0.25.3", "magic-string@^0.25.7":
  "integrity" "sha512-RmF0AsMzgt25qzqqLc1+MbHmhdx0ojF2Fvs4XnOqz2ZOBXzzkEwc/dJQZCYHAn7v1jbVOjAZfK8msRn4BxO4VQ=="
  "resolved" "https://registry.npmjs.org/magic-string/-/magic-string-0.25.9.tgz"
  "version" "0.25.9"
  dependencies:
    "sourcemap-codec" "^1.4.8"

"mime@^3.0.0":
  "integrity" "sha512-jSCU7/VB1loIWBZe14aEYHU/+1UMEHoaO7qxCOVJOw9GgH72VAWppxNcjU+x9a2k3GSIBXNKxXQFqRvvZ7vr3A=="
  "resolved" "https://registry.npmjs.org/mime/-/mime-3.0.0.tgz"
  "version" "3.0.0"

"miniflare@^2.6.0":
  "integrity" "sha512-C/qITsBoJUcZFSUi/4yl/cI+rlxuBxTdRGzMTBwR8e7bGnRG6dcu0485vNpddGLY9ZQt938TJUr3vJVKX15l8g=="
  "resolved" "https://registry.npmjs.org/miniflare/-/miniflare-2.7.0.tgz"
  "version" "2.7.0"
  dependencies:
    "@miniflare/cache" "2.7.0"
    "@miniflare/cli-parser" "2.7.0"
    "@miniflare/core" "2.7.0"
    "@miniflare/durable-objects" "2.7.0"
    "@miniflare/html-rewriter" "2.7.0"
    "@miniflare/http-server" "2.7.0"
    "@miniflare/kv" "2.7.0"
    "@miniflare/r2" "2.7.0"
    "@miniflare/runner-vm" "2.7.0"
    "@miniflare/scheduler" "2.7.0"
    "@miniflare/shared" "2.7.0"
    "@miniflare/sites" "2.7.0"
    "@miniflare/storage-file" "2.7.0"
    "@miniflare/storage-memory" "2.7.0"
    "@miniflare/web-sockets" "2.7.0"
    "kleur" "^4.1.4"
    "semiver" "^1.1.0"
    "source-map-support" "^0.5.20"
    "undici" "5.9.1"

"mustache@^4.2.0":
  "integrity" "sha512-71ippSywq5Yb7/tVYyGbkBggbU8H3u5Rz56fH60jGFgr8uHwxs+aSKeqmluIVzM0m0kB7xQjKS6qPfd0b2ZoqQ=="
  "resolved" "https://registry.npmjs.org/mustache/-/mustache-4.2.0.tgz"
  "version" "4.2.0"

"nanoid@^3.3.3", "nanoid@^3.3.4":
  "integrity" "sha512-MqBkQh/OHTS2egovRtLk45wEyNXwF+cokD+1YPf9u5VfJiRdAiRwB2froX5Co9Rh20xs4siNPm8naNotSD6RBw=="
  "resolved" "https://registry.npmjs.org/nanoid/-/nanoid-3.3.4.tgz"
  "version" "3.3.4"

"node-domexception@^1.0.0":
  "integrity" "sha512-/jKZoMpw0F8GRwl4/eLROPA3cfcXtLApP0QzLmUT/HuPCZWyB7IY9ZrMeKw2O/nFIqPQB3PVM9aYm0F312AXDQ=="
  "resolved" "https://registry.npmjs.org/node-domexception/-/node-domexception-1.0.0.tgz"
  "version" "1.0.0"

"node-fetch@^3.2.10":
  "integrity" "sha512-MhuzNwdURnZ1Cp4XTazr69K0BTizsBroX7Zx3UgDSVcZYKF/6p0CBe4EUb/hLqmzVhl0UpYfgRljQ4yxE+iCxA=="
  "resolved" "https://registry.npmjs.org/node-fetch/-/node-fetch-3.2.10.tgz"
  "version" "3.2.10"
  dependencies:
    "data-uri-to-buffer" "^4.0.0"
    "fetch-blob" "^3.1.4"
    "formdata-polyfill" "^4.0.10"

"node-forge@^1":
  "integrity" "sha512-dPEtOeMvF9VMcYV/1Wb8CPoVAXtp6MKMlcbAt4ddqmGqUJ6fQZFXkNZNkNlfevtNkGtaSoXf/vNNNSvgrdXwtA=="
  "resolved" "https://registry.npmjs.org/node-forge/-/node-forge-1.3.1.tgz"
  "version" "1.3.1"

"normalize-path@^3.0.0", "normalize-path@~3.0.0":
  "integrity" "sha512-6eZs5Ls3WtCisHWp9S2GUy8dqkpGi4BVSz3GaqiE6ezub0512ESztXUwUB6C6IKbQkY2Pnb/mD4WYojCRwcwLA=="
  "resolved" "https://registry.npmjs.org/normalize-path/-/normalize-path-3.0.0.tgz"
  "version" "3.0.0"

"path-parse@^1.0.7":
  "integrity" "sha512-LDJzPVEEEPR+y48z93A0Ed0yXb8pAByGWo/k5YYdYgpY2/2EsOsksJrq7lOHxryrVOn1ejG6oAp8ahvOIQD8sw=="
  "resolved" "https://registry.npmjs.org/path-parse/-/path-parse-1.0.7.tgz"
  "version" "1.0.7"

"path-to-regexp@^6.2.0":
  "integrity" "sha512-JLyh7xT1kizaEvcaXOQwOc2/Yhw6KZOvPf1S8401UyLk86CU79LN3vl7ztXGm/pZ+YjoyAJ4rxmHwbkBXJX+yw=="
  "resolved" "https://registry.npmjs.org/path-to-regexp/-/path-to-regexp-6.2.1.tgz"
  "version" "6.2.1"

"picocolors@^1.0.0":
  "integrity" "sha512-1fygroTLlHu66zi26VoTDv8yRgm0Fccecssto+MhsZ0D/DGW2sm8E8AjW7NU5VVTRt5GxbeZ5qBuJr+HyLYkjQ=="
  "resolved" "https://registry.npmjs.org/picocolors/-/picocolors-1.0.0.tgz"
  "version" "1.0.0"

"picomatch@^2.0.4", "picomatch@^2.2.1", "picomatch@^2.3.1":
  "integrity" "sha512-JU3teHTNjmE2VCGFzuY8EXzCDVwEqB2a8fsIvwaStHhAWJEeVd1o1QD80CU6+ZdEXXSLbSsuLwJjkCBWqRQUVA=="
  "resolved" "https://registry.npmjs.org/picomatch/-/picomatch-2.3.1.tgz"
  "version" "2.3.1"

"postcss@^8.1.10", "postcss@^8.4.16":
  "integrity" "sha512-ipHE1XBvKzm5xI7hiHCZJCSugxvsdq2mPnsq5+UF+VHCjiBvtDrlxJfMBToWaP9D5XlgNmcFGqoHmUn0EYEaRQ=="
  "resolved" "https://registry.npmjs.org/postcss/-/postcss-8.4.16.tgz"
  "version" "8.4.16"
  dependencies:
    "nanoid" "^3.3.4"
    "picocolors" "^1.0.0"
    "source-map-js" "^1.0.2"

"quasar@^2.0.0", "quasar@^2.7.7":
  "integrity" "sha512-tegG6EmEmv5i24MoNopRkhZOdT5kdLSAxQMA0V/fG04oco52hk2xwvB0EVS8WzT0bZZbc/9iXlAm1c29rZ3yVA=="
  "resolved" "https://registry.npmjs.org/quasar/-/quasar-2.7.7.tgz"
  "version" "2.7.7"

"readdirp@~3.6.0":
  "integrity" "sha512-hOS089on8RduqdbhvQ5Z37A0ESjsqz6qnRcffsMU3495FuTdqSm+7bhJ29JvIOsBDEEnan5DPu9t3To9VRlMzA=="
  "resolved" "https://registry.npmjs.org/readdirp/-/readdirp-3.6.0.tgz"
  "version" "3.6.0"
  dependencies:
    "picomatch" "^2.2.1"

"resolve@^1.22.1":
  "integrity" "sha512-nBpuuYuY5jFsli/JIs1oldw6fOQCBioohqWZg/2hiaOybXOft4lonv85uDOKXdf8rhyK159cxU5cDcK/NKk8zw=="
  "resolved" "https://registry.npmjs.org/resolve/-/resolve-1.22.1.tgz"
  "version" "1.22.1"
  dependencies:
    "is-core-module" "^2.9.0"
    "path-parse" "^1.0.7"
    "supports-preserve-symlinks-flag" "^1.0.0"

"rollup-plugin-inject@^3.0.0":
  "integrity" "sha512-ptg9PQwzs3orn4jkgXJ74bfs5vYz1NCZlSQMBUA0wKcGp5i5pA1AO3fOUEte8enhGUC+iapTCzEWw2jEFFUO/w=="
  "resolved" "https://registry.npmjs.org/rollup-plugin-inject/-/rollup-plugin-inject-3.0.2.tgz"
  "version" "3.0.2"
  dependencies:
    "estree-walker" "^0.6.1"
    "magic-string" "^0.25.3"
    "rollup-pluginutils" "^2.8.1"

"rollup-plugin-node-polyfills@^0.2.1":
  "integrity" "sha512-4kCrKPTJ6sK4/gLL/U5QzVT8cxJcofO0OU74tnB19F40cmuAKSzH5/siithxlofFEjwvw1YAhPmbvGNA6jEroA=="
  "resolved" "https://registry.npmjs.org/rollup-plugin-node-polyfills/-/rollup-plugin-node-polyfills-0.2.1.tgz"
  "version" "0.2.1"
  dependencies:
    "rollup-plugin-inject" "^3.0.0"

"rollup-pluginutils@^2.8.1":
  "integrity" "sha512-EEp9NhnUkwY8aif6bxgovPHMoMoNr2FulJziTndpt5H9RdwC47GSGuII9XxpSdzVGM0GWrNPHV6ie1LTNJPaLQ=="
  "resolved" "https://registry.npmjs.org/rollup-pluginutils/-/rollup-pluginutils-2.8.2.tgz"
  "version" "2.8.2"
  dependencies:
    "estree-walker" "^0.6.1"

"rollup@^2.75.6":
  "integrity" "sha512-/qxNTG7FbmefJWoeeYJFbHehJ2HNWnjkAFRKzWN/45eNBBF/r8lo992CwcJXEzyVxs5FmfId+vTSTQDb+bxA+g=="
  "resolved" "https://registry.npmjs.org/rollup/-/rollup-2.77.3.tgz"
  "version" "2.77.3"
  optionalDependencies:
    "fsevents" "~2.3.2"

"sass@*", "sass@1.32.0":
  "integrity" "sha512-fhyqEbMIycQA4blrz/C0pYhv2o4x2y6FYYAH0CshBw3DXh5D5wyERgxw0ptdau1orc/GhNrhF7DFN2etyOCEng=="
  "resolved" "https://registry.npmjs.org/sass/-/sass-1.32.0.tgz"
  "version" "1.32.0"
  dependencies:
    "chokidar" ">=2.0.0 <4.0.0"

"selfsigned@^2.0.0", "selfsigned@^2.0.1":
  "integrity" "sha512-LmME957M1zOsUhG+67rAjKfiWFox3SBxE/yymatMZsAx+oMrJ0YQ8AToOnyCm7xbeg2ep37IHLxdu0o2MavQOQ=="
  "resolved" "https://registry.npmjs.org/selfsigned/-/selfsigned-2.0.1.tgz"
  "version" "2.0.1"
  dependencies:
    "node-forge" "^1"

"semiver@^1.1.0":
  "integrity" "sha512-QNI2ChmuioGC1/xjyYwyZYADILWyW6AmS1UH6gDj/SFUUUS4MBAWs/7mxnkRPc/F4iHezDP+O8t0dO8WHiEOdg=="
  "resolved" "https://registry.npmjs.org/semiver/-/semiver-1.1.0.tgz"
  "version" "1.1.0"

"set-cookie-parser@^2.4.8":
  "integrity" "sha512-1jeBGaKNGdEq4FgIrORu/N570dwoPYio8lSoYLWmX7sQ//0JY08Xh9o5pBcgmHQ/MbsYp/aZnOe1s1lIsbLprQ=="
  "resolved" "https://registry.npmjs.org/set-cookie-parser/-/set-cookie-parser-2.5.1.tgz"
  "version" "2.5.1"

"source-map-js@^1.0.2":
  "integrity" "sha512-R0XvVJ9WusLiqTCEiGCmICCMplcCkIwwR11mOSD9CR5u+IXYdiseeEuXCVAjS54zqwkLcPNnmU4OeJ6tUrWhDw=="
  "resolved" "https://registry.npmjs.org/source-map-js/-/source-map-js-1.0.2.tgz"
  "version" "1.0.2"

"source-map-support@^0.5.20":
  "integrity" "sha512-uBHU3L3czsIyYXKX88fdrGovxdSCoTGDRZ6SYXtSRxLZUzHg5P/66Ht6uoUlHu9EZod+inXhKo3qQgwXUT/y1w=="
  "resolved" "https://registry.npmjs.org/source-map-support/-/source-map-support-0.5.21.tgz"
  "version" "0.5.21"
  dependencies:
    "buffer-from" "^1.0.0"
    "source-map" "^0.6.0"

"source-map@^0.6.0", "source-map@^0.6.1":
  "integrity" "sha512-UjgapumWlbMhkBgzT7Ykc5YXUT46F0iKu8SGXq0bcwP5dz/h0Plj6enJqjz1Zbq2l5WaqYnrVbwWOWMyF3F47g=="
  "resolved" "https://registry.npmjs.org/source-map/-/source-map-0.6.1.tgz"
  "version" "0.6.1"

"source-map@^0.7.4":
  "integrity" "sha512-l3BikUxvPOcn5E74dZiq5BGsTb5yEwhaTSzccU6t4sDOH8NWJCstKO5QT2CvtFoK6F0saL7p9xHAqHOlCPJygA=="
  "resolved" "https://registry.npmjs.org/source-map/-/source-map-0.7.4.tgz"
  "version" "0.7.4"

"sourcemap-codec@^1.4.8":
  "integrity" "sha512-9NykojV5Uih4lgo5So5dtw+f0JgJX30KCNI8gwhz2J9A15wD0Ml6tjHKwf6fTSa6fAdVBdZeNOs9eJ71qCk8vA=="
  "resolved" "https://registry.npmjs.org/sourcemap-codec/-/sourcemap-codec-1.4.8.tgz"
  "version" "1.4.8"

"stack-trace@0.0.10":
  "integrity" "sha512-KGzahc7puUKkzyMt+IqAep+TVNbKP+k2Lmwhub39m1AsTSkaDutx56aDCo+HLDzf/D26BIHTJWNiTG1KAJiQCg=="
  "resolved" "https://registry.npmjs.org/stack-trace/-/stack-trace-0.0.10.tgz"
  "version" "0.0.10"

"streamsearch@^1.1.0":
  "integrity" "sha512-Mcc5wHehp9aXz1ax6bZUyY5afg9u2rv5cqQI3mRrYkGC8rW2hM02jWuwjtL++LS5qinSyhj2QfLyNsuc+VsExg=="
  "resolved" "https://registry.npmjs.org/streamsearch/-/streamsearch-1.1.0.tgz"
  "version" "1.1.0"

"supports-preserve-symlinks-flag@^1.0.0":
  "integrity" "sha512-ot0WnXS9fgdkgIcePe6RHNk1WA8+muPa6cSjeR3V8K27q9BB1rTE3R1p7Hv0z1ZyAc8s6Vvv8DIyWf681MAt0w=="
  "resolved" "https://registry.npmjs.org/supports-preserve-symlinks-flag/-/supports-preserve-symlinks-flag-1.0.0.tgz"
  "version" "1.0.0"

"to-regex-range@^5.0.1":
  "integrity" "sha512-65P7iz6X5yEr1cwcgvQxbbIw7Uk3gOy5dIdtZ4rDveLqhrdJP+Li/Hx6tyK0NEb+2GCyneCMJiGqrADCSNk8sQ=="
  "resolved" "https://registry.npmjs.org/to-regex-range/-/to-regex-range-5.0.1.tgz"
  "version" "5.0.1"
  dependencies:
    "is-number" "^7.0.0"

"typescript@*", "typescript@^4.6.4":
  "integrity" "sha512-C0WQT0gezHuw6AdY1M2jxUO83Rjf0HP7Sk1DtXj6j1EwkQNZrHAg2XPWlq62oqEhYvONq5pkC2Y9oPljWToLmQ=="
  "resolved" "https://registry.npmjs.org/typescript/-/typescript-4.7.4.tgz"
  "version" "4.7.4"

"undici@5.9.1":
  "integrity" "sha512-6fB3a+SNnWEm4CJbgo0/CWR8RGcOCQP68SF4X0mxtYTq2VNN8T88NYrWVBAeSX+zb7bny2dx2iYhP3XHi00omg=="
  "resolved" "https://registry.npmjs.org/undici/-/undici-5.9.1.tgz"
  "version" "5.9.1"

"urlpattern-polyfill@^4.0.3":
  "integrity" "sha512-DOE84vZT2fEcl9gqCUTcnAw5ZY5Id55ikUcziSUntuEFL3pRvavg5kwDmTEUJkeCHInTlV/HexFomgYnzO5kdQ=="
  "resolved" "https://registry.npmjs.org/urlpattern-polyfill/-/urlpattern-polyfill-4.0.3.tgz"
  "version" "4.0.3"

"vite@^2.0.0 || ^3.0.0", "vite@^3.0.0":
  "integrity" "sha512-bRvrt9Tw8EGW4jj64aYFTnVg134E8hgDxyl/eEHnxiGqYk7/pTPss6CWlurqPOUzqvEoZkZ58Ws+Iu8MB87iMA=="
  "resolved" "https://registry.npmjs.org/vite/-/vite-3.0.5.tgz"
  "version" "3.0.5"
  dependencies:
    "esbuild" "^0.14.47"
    "postcss" "^8.4.16"
    "resolve" "^1.22.1"
    "rollup" "^2.75.6"
  optionalDependencies:
    "fsevents" "~2.3.2"

"vue-demi@*":
  "integrity" "sha512-hbhlvpx1gFW3TB5HxJ0mNxyA9Jh5iQt409taOs6zkhpvfJ7YzLs1rsLufJmDsjH5PI1cOyfikY1fE/meyHfU5A=="
  "resolved" "https://registry.npmjs.org/vue-demi/-/vue-demi-0.13.7.tgz"
  "version" "0.13.7"

"vue-router@^4.1.3":
  "integrity" "sha512-XvK81bcYglKiayT7/vYAg/f36ExPC4t90R/HIpzrZ5x+17BOWptXLCrEPufGgZeuq68ww4ekSIMBZY1qdUdfjA=="
  "resolved" "https://registry.npmjs.org/vue-router/-/vue-router-4.1.3.tgz"
  "version" "4.1.3"
  dependencies:
    "@vue/devtools-api" "^6.1.4"

"vue-tsc@^0.38.4":
  "integrity" "sha512-Yoy5phgvGqyF98Fb4mYqboR4Q149jrdcGv5kSmufXJUq++RZJ2iMVG0g6zl+v3t4ORVWkQmRpsV4x2szufZ0LQ=="
  "resolved" "https://registry.npmjs.org/vue-tsc/-/vue-tsc-0.38.9.tgz"
  "version" "0.38.9"
  dependencies:
    "@volar/vue-typescript" "0.38.9"

"vue@^3.0.0", "vue@^3.0.0-0 || ^2.6.0", "vue@^3.2.0", "vue@^3.2.25", "vue@^3.2.37", "vue@3.2.37":
  "integrity" "sha512-bOKEZxrm8Eh+fveCqS1/NkG/n6aMidsI6hahas7pa0w/l7jkbssJVsRhVDs07IdDq7h9KHswZOgItnwJAgtVtQ=="
  "resolved" "https://registry.npmjs.org/vue/-/vue-3.2.37.tgz"
  "version" "3.2.37"
  dependencies:
    "@vue/compiler-dom" "3.2.37"
    "@vue/compiler-sfc" "3.2.37"
    "@vue/runtime-dom" "3.2.37"
    "@vue/server-renderer" "3.2.37"
    "@vue/shared" "3.2.37"

"web-streams-polyfill@^3.0.3":
  "integrity" "sha512-e0MO3wdXWKrLbL0DgGnUV7WHVuw9OUvL4hjgnPkIeEvESk74gAITi5G606JtZPp39cd8HA9VQzCIvA49LpPN5Q=="
  "resolved" "https://registry.npmjs.org/web-streams-polyfill/-/web-streams-polyfill-3.2.1.tgz"
  "version" "3.2.1"

"wrangler@^2.0.27":
  "integrity" "sha512-dH0Nv41OiFsHu+mZFMGv1kEO6lOEoxon8kKHToG0YSpGBsObsxurkoyWJDvkAgtnrM00QF8F1Chy15zs0sjJkg=="
  "resolved" "https://registry.npmjs.org/wrangler/-/wrangler-2.0.27.tgz"
  "version" "2.0.27"
  dependencies:
    "@cloudflare/kv-asset-handler" "^0.2.0"
    "@esbuild-plugins/node-globals-polyfill" "^0.1.1"
    "@esbuild-plugins/node-modules-polyfill" "^0.1.4"
    "blake3-wasm" "^2.1.5"
    "chokidar" "^3.5.3"
    "esbuild" "0.14.51"
    "miniflare" "^2.6.0"
    "nanoid" "^3.3.3"
    "path-to-regexp" "^6.2.0"
    "selfsigned" "^2.0.1"
    "source-map" "^0.7.4"
    "xxhash-wasm" "^1.0.1"
  optionalDependencies:
    "fsevents" "~2.3.2"

"ws@^8.2.2":
  "integrity" "sha512-bGy2JzvzkPowEJV++hF07hAD6niYSr0JzBNo/J29WsB57A2r7Wlc1UFcTR9IzrPvuNVO4B8LGqF8qcpsVOhJCA=="
  "resolved" "https://registry.npmjs.org/ws/-/ws-8.8.1.tgz"
  "version" "8.8.1"

"xxhash-wasm@^1.0.1":
  "integrity" "sha512-Lc9CTvDrH2vRoiaUzz25q7lRaviMhz90pkx6YxR9EPYtF99yOJnv2cB+CQ0hp/TLoqrUsk8z/W2EN31T568Azw=="
  "resolved" "https://registry.npmjs.org/xxhash-wasm/-/xxhash-wasm-1.0.1.tgz"
  "version" "1.0.1"

"youch@^2.2.2":
  "integrity" "sha512-/FaCeG3GkuJwaMR34GHVg0l8jCbafZLHiFowSjqLlqhC6OMyf2tPJBu8UirF7/NI9X/R5ai4QfEKUCOxMAGxZQ=="
  "resolved" "https://registry.npmjs.org/youch/-/youch-2.2.2.tgz"
  "version" "2.2.2"
  dependencies:
    "@types/stack-trace" "0.0.29"
    "cookie" "^0.4.1"
    "mustache" "^4.2.0"
    "stack-trace" "0.0.10"
